{
  "requires": true,
  "lockfileVersion": 1,
  "dependencies": {
    "gitbook-plugin-custom-favicon": {
      "version": "0.0.4",
      "resolved": "https://registry.npmjs.org/gitbook-plugin-custom-favicon/-/gitbook-plugin-custom-favicon-0.0.4.tgz",
      "integrity": "sha1-y3NynUdYy3xsVk6O+wNdH24Irs8="
    },
    "gitbook-plugin-insert-logo-link": {
      "version": "1.0.1",
      "resolved": "https://registry.npmjs.org/gitbook-plugin-insert-logo-link/-/gitbook-plugin-insert-logo-link-1.0.1.tgz",
      "integrity": "sha1-3oTrR18wj7yhikC9wYDGLsLbS8I="
    },
    "gitbook-plugin-katex": {
      "version": "1.1.4",
      "resolved": "https://registry.npmjs.org/gitbook-plugin-katex/-/gitbook-plugin-katex-1.1.4.tgz",
      "integrity": "sha1-nTI++t0mw0CFJsXCJ+vbTBEg2aw=",
      "requires": {
        "katex": "0.7.1"
      }
    },
    "gitbook-plugin-search": {
      "version": "2.2.1",
      "resolved": "https://registry.npmjs.org/gitbook-plugin-search/-/gitbook-plugin-search-2.2.1.tgz",
      "integrity": "sha1-bSW1p3aZD6mP39+jfeMx944PaxM="
    },
    "gitbook-plugin-theme-official": {
      "version": "2.1.1",
      "resolved": "https://registry.npmjs.org/gitbook-plugin-theme-official/-/gitbook-plugin-theme-official-2.1.1.tgz",
      "integrity": "sha1-sYILreBLJ1tJVQbxAJOu2uuw5Io="
    },
    "katex": {
      "version": "0.7.1",
      "resolved": "https://registry.npmjs.org/katex/-/katex-0.7.1.tgz",
      "integrity": "sha1-BrtSmO+tBeHnIoA1uo4VkfMGG48=",
      "requires": {
        "match-at": "^0.1.0"
      }
    },
    "match-at": {
      "version": "0.1.1",
      "resolved": "https://registry.npmjs.org/match-at/-/match-at-0.1.1.tgz",
      "integrity": "sha1-JdBA0pF3dwTV5lVru3kjDsLeBUA="
    }
  }
}
